rest:
  # mockTools -> Origin -> Responses -> field(transform) -> app client
  #
  sources:
    - name: Poke API
      origin: https://pokeapi.co
      transforms:
        # (origin) => transform by field(faker) => new Responses(origin+faker_field)
        /api/v2/pokemon:
          get:
            - field: root.results.[0].name
              resolvers:
                - faker: name.firstName
            - field: root.results.[1].name
              resolvers:
                - faker: git.commitSha
            - field: root.results.[2].name
              resolvers:
                - faker: lorem.paragraphs
            - field: root.results.[3].name
              resolvers:
                - path: ./resolvers/result-resolvers.js
        /api/v3/pokemon:
          get:
            - field: root
              resolvers:
                - json: ./resolvers/pokemonv3.json
graphql:
  sources:
    - name: covid
      handler:
        graphql:
          endpoint: https://covid-19-two-rust.vercel.app/api/graphql
          multipart: true
